
Microsoft Visual Studio Solution File, Format Version 12.00
# Visual Studio Version 17
VisualStudioVersion = 17.6.33829.357
MinimumVisualStudioVersion = 10.0.40219.1
Project("{FAE04EC0-301F-11D3-BF4B-00C04F79EFBC}") = "MyHabits", "MyHabits\MyHabits.csproj", "{3792B465-F7B4-474F-9E1F-2FD1043D9602}"
EndProject
Global
	GlobalSection(SolutionConfigurationPlatforms) = preSolution
		Debug|Any CPU = Debug|Any CPU
		Release|Any CPU = Release|Any CPU
	EndGlobalSection
	GlobalSection(ProjectConfigurationPlatforms) = postSolution
		{3792B465-F7B4-474F-9E1F-2FD1043D9602}.Debug|Any CPU.ActiveCfg = Debug|Any CPU
		{3792B465-F7B4-474F-9E1F-2FD1043D9602}.Debug|Any CPU.Build.0 = Debug|Any CPU
		{3792B465-F7B4-474F-9E1F-2FD1043D9602}.Release|Any CPU.ActiveCfg = Release|Any CPU
		{3792B465-F7B4-474F-9E1F-2FD1043D9602}.Release|Any CPU.Build.0 = Release|Any CPU
	EndGlobalSection
	GlobalSection(SolutionProperties) = preSolution
		HideSolutionNode = FALSE
	EndGlobalSection
	GlobalSection(ExtensibilityGlobals) = postSolution
		SolutionGuid = {5D6D45C3-ACAE-494A-995B-0C7DAB19B1EF}
	EndGlobalSection
EndGlobal
